// !$*UTF8*$!
{
	archiveVersion = 1;
	classes = {
	};
	objectVersion = 51;
	objects = {

/* Begin PBXBuildFile section */
		686A37A5AE4A326985180346 /* libPods-Teraffic Traffic.a in Frameworks */ = {isa = PBXBuildFile; fileRef = AD9C14CB5EA0E29863AB572B /* libPods-Teraffic Traffic.a */; };
		F05A64DF2577C7B900BDDCE0 /* Teraffic_TrafficApp.swift in Sources */ = {isa = PBXBuildFile; fileRef = F05A64DE2577C7B900BDDCE0 /* Teraffic_TrafficApp.swift */; };
		F05A64E12577C7B900BDDCE0 /* ContentView.swift in Sources */ = {isa = PBXBuildFile; fileRef = F05A64E02577C7B900BDDCE0 /* ContentView.swift */; };
		F05A64E32577C7B900BDDCE0 /* Assets.xcassets in Resources */ = {isa = PBXBuildFile; fileRef = F05A64E22577C7B900BDDCE0 /* Assets.xcassets */; };
		F05A64E62577C7B900BDDCE0 /* Preview Assets.xcassets in Resources */ = {isa = PBXBuildFile; fileRef = F05A64E52577C7B900BDDCE0 /* Preview Assets.xcassets */; };
		F05A64F12577C7BA00BDDCE0 /* Teraffic_TrafficTests.swift in Sources */ = {isa = PBXBuildFile; fileRef = F05A64F02577C7BA00BDDCE0 /* Teraffic_TrafficTests.swift */; };
		F05A64FC2577C7BA00BDDCE0 /* Teraffic_TrafficUITests.swift in Sources */ = {isa = PBXBuildFile; fileRef = F05A64FB2577C7BA00BDDCE0 /* Teraffic_TrafficUITests.swift */; };
		F05A650E2577E99700BDDCE0 /* DataMallAPI.swift in Sources */ = {isa = PBXBuildFile; fileRef = F05A650D2577E99700BDDCE0 /* DataMallAPI.swift */; };
		F05A65162577E9C600BDDCE0 /* Model.swift in Sources */ = {isa = PBXBuildFile; fileRef = F05A65152577E9C600BDDCE0 /* Model.swift */; };
		F05A651F25792B6C00BDDCE0 /* TrafficCamerasObservableObject.swift in Sources */ = {isa = PBXBuildFile; fileRef = F05A651E25792B6C00BDDCE0 /* TrafficCamerasObservableObject.swift */; };
		F05A6527257D224A00BDDCE0 /* TrafficSummaryView.swift in Sources */ = {isa = PBXBuildFile; fileRef = F05A6526257D224A00BDDCE0 /* TrafficSummaryView.swift */; };
		F05A652F2587A31200BDDCE0 /* ImageCache.swift in Sources */ = {isa = PBXBuildFile; fileRef = F05A652E2587A31200BDDCE0 /* ImageCache.swift */; };
		F05A65372587A33E00BDDCE0 /* EnvironmentValues+ImageCache.swift in Sources */ = {isa = PBXBuildFile; fileRef = F05A65362587A33E00BDDCE0 /* EnvironmentValues+ImageCache.swift */; };
		F05A653C2587A36800BDDCE0 /* ImageLoader.swift in Sources */ = {isa = PBXBuildFile; fileRef = F05A653B2587A36800BDDCE0 /* ImageLoader.swift */; };
		F05A65412587A39600BDDCE0 /* AsyncImage.swift in Sources */ = {isa = PBXBuildFile; fileRef = F05A65402587A39600BDDCE0 /* AsyncImage.swift */; };
		F05A65462587BE6700BDDCE0 /* FavouriteListObservableObject.swift in Sources */ = {isa = PBXBuildFile; fileRef = F05A65452587BE6700BDDCE0 /* FavouriteListObservableObject.swift */; };
		F05A654B2587C1DE00BDDCE0 /* Utils.swift in Sources */ = {isa = PBXBuildFile; fileRef = F05A654A2587C1DE00BDDCE0 /* Utils.swift */; };
		F05A6550258CA68500BDDCE0 /* FavouriteListView.swift in Sources */ = {isa = PBXBuildFile; fileRef = F05A654F258CA68500BDDCE0 /* FavouriteListView.swift */; };
		F05A655D2592289A00BDDCE0 /* TrafficCameraRowView.swift in Sources */ = {isa = PBXBuildFile; fileRef = F05A655C2592289A00BDDCE0 /* TrafficCameraRowView.swift */; };
		F05A65622593166000BDDCE0 /* TrafficCameraDetailView.swift in Sources */ = {isa = PBXBuildFile; fileRef = F05A65612593166000BDDCE0 /* TrafficCameraDetailView.swift */; };
		F05A6567259317D800BDDCE0 /* TrafficCameraDetailObservableObject.swift in Sources */ = {isa = PBXBuildFile; fileRef = F05A6566259317D800BDDCE0 /* TrafficCameraDetailObservableObject.swift */; };
		F05A656D25998BF700BDDCE0 /* MapView.swift in Sources */ = {isa = PBXBuildFile; fileRef = F05A656C25998BF700BDDCE0 /* MapView.swift */; };
		F05A677825C30AD500FC6CDA /* LocationManager.swift in Sources */ = {isa = PBXBuildFile; fileRef = F05A677725C30AD500FC6CDA /* LocationManager.swift */; };
		F05A678125C3106200FC6CDA /* PlaceManager.swift in Sources */ = {isa = PBXBuildFile; fileRef = F05A678025C3106200FC6CDA /* PlaceManager.swift */; };
		F05A678925C7055300FC6CDA /* PlacesList.swift in Sources */ = {isa = PBXBuildFile; fileRef = F05A678825C7055300FC6CDA /* PlacesList.swift */; };
		F05A678E25C707AD00FC6CDA /* PlacesRow.swift in Sources */ = {isa = PBXBuildFile; fileRef = F05A678D25C707AD00FC6CDA /* PlacesRow.swift */; };
		F05A679525C9AB9700FC6CDA /* TrafficGoogleMapView.swift in Sources */ = {isa = PBXBuildFile; fileRef = F05A679425C9AB9700FC6CDA /* TrafficGoogleMapView.swift */; };
		F05A679A26087D9300FC6CDA /* ScrollUIViewRepresentable.swift in Sources */ = {isa = PBXBuildFile; fileRef = F05A679926087D9200FC6CDA /* ScrollUIViewRepresentable.swift */; };
		F05A679F2608E80600FC6CDA /* SearchBar.swift in Sources */ = {isa = PBXBuildFile; fileRef = F05A679E2608E80600FC6CDA /* SearchBar.swift */; };
		F06222A225A5FF58004974E9 /* MapUIViewRepresentable.swift in Sources */ = {isa = PBXBuildFile; fileRef = F06222A125A5FF58004974E9 /* MapUIViewRepresentable.swift */; };
		F06222A725A77AB2004974E9 /* TrafficMapView.swift in Sources */ = {isa = PBXBuildFile; fileRef = F06222A625A77AB2004974E9 /* TrafficMapView.swift */; };
		F0B5443C25B835C900F677E8 /* GoogleMapUIViewRepresentable.swift in Sources */ = {isa = PBXBuildFile; fileRef = F0B5443B25B835C900F677E8 /* GoogleMapUIViewRepresentable.swift */; };
		F0B5444125B8663800F677E8 /* AppDelegate.swift in Sources */ = {isa = PBXBuildFile; fileRef = F0B5444025B8663800F677E8 /* AppDelegate.swift */; };
/* End PBXBuildFile section */

/* Begin PBXContainerItemProxy section */
		F05A64ED2577C7BA00BDDCE0 /* PBXContainerItemProxy */ = {
			isa = PBXContainerItemProxy;
			containerPortal = F05A64D32577C7B900BDDCE0 /* Project object */;
			proxyType = 1;
			remoteGlobalIDString = F05A64DA2577C7B900BDDCE0;
			remoteInfo = "Teraffic Traffic";
		};
		F05A64F82577C7BA00BDDCE0 /* PBXContainerItemProxy */ = {
			isa = PBXContainerItemProxy;
			containerPortal = F05A64D32577C7B900BDDCE0 /* Project object */;
			proxyType = 1;
			remoteGlobalIDString = F05A64DA2577C7B900BDDCE0;
			remoteInfo = "Teraffic Traffic";
		};
/* End PBXContainerItemProxy section */

/* Begin PBXFileReference section */
		3F4691BB8235F962E3F363A1 /* Pods-Teraffic Traffic.release.xcconfig */ = {isa = PBXFileReference; includeInIndex = 1; lastKnownFileType = text.xcconfig; name = "Pods-Teraffic Traffic.release.xcconfig"; path = "Target Support Files/Pods-Teraffic Traffic/Pods-Teraffic Traffic.release.xcconfig"; sourceTree = "<group>"; };
		547C514D94FD4364445B9284 /* Pods-Teraffic Traffic.debug.xcconfig */ = {isa = PBXFileReference; includeInIndex = 1; lastKnownFileType = text.xcconfig; name = "Pods-Teraffic Traffic.debug.xcconfig"; path = "Target Support Files/Pods-Teraffic Traffic/Pods-Teraffic Traffic.debug.xcconfig"; sourceTree = "<group>"; };
		AD9C14CB5EA0E29863AB572B /* libPods-Teraffic Traffic.a */ = {isa = PBXFileReference; explicitFileType = archive.ar; includeInIndex = 0; path = "libPods-Teraffic Traffic.a"; sourceTree = BUILT_PRODUCTS_DIR; };
		F05A64DB2577C7B900BDDCE0 /* Teraffic Traffic.app */ = {isa = PBXFileReference; explicitFileType = wrapper.application; includeInIndex = 0; path = "Teraffic Traffic.app"; sourceTree = BUILT_PRODUCTS_DIR; };
		F05A64DE2577C7B900BDDCE0 /* Teraffic_TrafficApp.swift */ = {isa = PBXFileReference; lastKnownFileType = sourcecode.swift; path = Teraffic_TrafficApp.swift; sourceTree = "<group>"; };
		F05A64E02577C7B900BDDCE0 /* ContentView.swift */ = {isa = PBXFileReference; lastKnownFileType = sourcecode.swift; path = ContentView.swift; sourceTree = "<group>"; };
		F05A64E22577C7B900BDDCE0 /* Assets.xcassets */ = {isa = PBXFileReference; lastKnownFileType = folder.assetcatalog; path = Assets.xcassets; sourceTree = "<group>"; };
		F05A64E52577C7B900BDDCE0 /* Preview Assets.xcassets */ = {isa = PBXFileReference; lastKnownFileType = folder.assetcatalog; path = "Preview Assets.xcassets"; sourceTree = "<group>"; };
		F05A64E72577C7B900BDDCE0 /* Info.plist */ = {isa = PBXFileReference; lastKnownFileType = text.plist.xml; path = Info.plist; sourceTree = "<group>"; };
		F05A64EC2577C7BA00BDDCE0 /* Teraffic TrafficTests.xctest */ = {isa = PBXFileReference; explicitFileType = wrapper.cfbundle; includeInIndex = 0; path = "Teraffic TrafficTests.xctest"; sourceTree = BUILT_PRODUCTS_DIR; };
		F05A64F02577C7BA00BDDCE0 /* Teraffic_TrafficTests.swift */ = {isa = PBXFileReference; lastKnownFileType = sourcecode.swift; path = Teraffic_TrafficTests.swift; sourceTree = "<group>"; };
		F05A64F22577C7BA00BDDCE0 /* Info.plist */ = {isa = PBXFileReference; lastKnownFileType = text.plist.xml; path = Info.plist; sourceTree = "<group>"; };
		F05A64F72577C7BA00BDDCE0 /* Teraffic TrafficUITests.xctest */ = {isa = PBXFileReference; explicitFileType = wrapper.cfbundle; includeInIndex = 0; path = "Teraffic TrafficUITests.xctest"; sourceTree = BUILT_PRODUCTS_DIR; };
		F05A64FB2577C7BA00BDDCE0 /* Teraffic_TrafficUITests.swift */ = {isa = PBXFileReference; lastKnownFileType = sourcecode.swift; path = Teraffic_TrafficUITests.swift; sourceTree = "<group>"; };
		F05A64FD2577C7BA00BDDCE0 /* Info.plist */ = {isa = PBXFileReference; lastKnownFileType = text.plist.xml; path = Info.plist; sourceTree = "<group>"; };
		F05A650D2577E99700BDDCE0 /* DataMallAPI.swift */ = {isa = PBXFileReference; lastKnownFileType = sourcecode.swift; path = DataMallAPI.swift; sourceTree = "<group>"; };
		F05A65152577E9C600BDDCE0 /* Model.swift */ = {isa = PBXFileReference; lastKnownFileType = sourcecode.swift; path = Model.swift; sourceTree = "<group>"; };
		F05A651E25792B6C00BDDCE0 /* TrafficCamerasObservableObject.swift */ = {isa = PBXFileReference; lastKnownFileType = sourcecode.swift; path = TrafficCamerasObservableObject.swift; sourceTree = "<group>"; };
		F05A6526257D224A00BDDCE0 /* TrafficSummaryView.swift */ = {isa = PBXFileReference; lastKnownFileType = sourcecode.swift; path = TrafficSummaryView.swift; sourceTree = "<group>"; };
		F05A652E2587A31200BDDCE0 /* ImageCache.swift */ = {isa = PBXFileReference; lastKnownFileType = sourcecode.swift; path = ImageCache.swift; sourceTree = "<group>"; };
		F05A65362587A33E00BDDCE0 /* EnvironmentValues+ImageCache.swift */ = {isa = PBXFileReference; lastKnownFileType = sourcecode.swift; path = "EnvironmentValues+ImageCache.swift"; sourceTree = "<group>"; };
		F05A653B2587A36800BDDCE0 /* ImageLoader.swift */ = {isa = PBXFileReference; lastKnownFileType = sourcecode.swift; path = ImageLoader.swift; sourceTree = "<group>"; };
		F05A65402587A39600BDDCE0 /* AsyncImage.swift */ = {isa = PBXFileReference; lastKnownFileType = sourcecode.swift; path = AsyncImage.swift; sourceTree = "<group>"; };
		F05A65452587BE6700BDDCE0 /* FavouriteListObservableObject.swift */ = {isa = PBXFileReference; lastKnownFileType = sourcecode.swift; path = FavouriteListObservableObject.swift; sourceTree = "<group>"; };
		F05A654A2587C1DE00BDDCE0 /* Utils.swift */ = {isa = PBXFileReference; lastKnownFileType = sourcecode.swift; path = Utils.swift; sourceTree = "<group>"; };
		F05A654F258CA68500BDDCE0 /* FavouriteListView.swift */ = {isa = PBXFileReference; lastKnownFileType = sourcecode.swift; path = FavouriteListView.swift; sourceTree = "<group>"; };
		F05A655C2592289A00BDDCE0 /* TrafficCameraRowView.swift */ = {isa = PBXFileReference; lastKnownFileType = sourcecode.swift; path = TrafficCameraRowView.swift; sourceTree = "<group>"; };
		F05A65612593166000BDDCE0 /* TrafficCameraDetailView.swift */ = {isa = PBXFileReference; lastKnownFileType = sourcecode.swift; path = TrafficCameraDetailView.swift; sourceTree = "<group>"; };
		F05A6566259317D800BDDCE0 /* TrafficCameraDetailObservableObject.swift */ = {isa = PBXFileReference; lastKnownFileType = sourcecode.swift; path = TrafficCameraDetailObservableObject.swift; sourceTree = "<group>"; };
		F05A656C25998BF700BDDCE0 /* MapView.swift */ = {isa = PBXFileReference; lastKnownFileType = sourcecode.swift; path = MapView.swift; sourceTree = "<group>"; };
		F05A677725C30AD500FC6CDA /* LocationManager.swift */ = {isa = PBXFileReference; lastKnownFileType = sourcecode.swift; path = LocationManager.swift; sourceTree = "<group>"; };
		F05A678025C3106200FC6CDA /* PlaceManager.swift */ = {isa = PBXFileReference; lastKnownFileType = sourcecode.swift; path = PlaceManager.swift; sourceTree = "<group>"; };
		F05A678825C7055300FC6CDA /* PlacesList.swift */ = {isa = PBXFileReference; lastKnownFileType = sourcecode.swift; path = PlacesList.swift; sourceTree = "<group>"; };
		F05A678D25C707AD00FC6CDA /* PlacesRow.swift */ = {isa = PBXFileReference; lastKnownFileType = sourcecode.swift; path = PlacesRow.swift; sourceTree = "<group>"; };
		F05A679425C9AB9700FC6CDA /* TrafficGoogleMapView.swift */ = {isa = PBXFileReference; lastKnownFileType = sourcecode.swift; path = TrafficGoogleMapView.swift; sourceTree = "<group>"; };
		F05A679926087D9200FC6CDA /* ScrollUIViewRepresentable.swift */ = {isa = PBXFileReference; lastKnownFileType = sourcecode.swift; path = ScrollUIViewRepresentable.swift; sourceTree = "<group>"; };
		F05A679E2608E80600FC6CDA /* SearchBar.swift */ = {isa = PBXFileReference; lastKnownFileType = sourcecode.swift; path = SearchBar.swift; sourceTree = "<group>"; };
		F06222A125A5FF58004974E9 /* MapUIViewRepresentable.swift */ = {isa = PBXFileReference; lastKnownFileType = sourcecode.swift; path = MapUIViewRepresentable.swift; sourceTree = "<group>"; };
		F06222A625A77AB2004974E9 /* TrafficMapView.swift */ = {isa = PBXFileReference; lastKnownFileType = sourcecode.swift; path = TrafficMapView.swift; sourceTree = "<group>"; };
		F0B5443B25B835C900F677E8 /* GoogleMapUIViewRepresentable.swift */ = {isa = PBXFileReference; lastKnownFileType = sourcecode.swift; path = GoogleMapUIViewRepresentable.swift; sourceTree = "<group>"; };
		F0B5444025B8663800F677E8 /* AppDelegate.swift */ = {isa = PBXFileReference; lastKnownFileType = sourcecode.swift; path = AppDelegate.swift; sourceTree = "<group>"; };
/* End PBXFileReference section */

/* Begin PBXFrameworksBuildPhase section */
		F05A64D82577C7B900BDDCE0 /* Frameworks */ = {
			isa = PBXFrameworksBuildPhase;
			buildActionMask = 2147483647;
			files = (
				686A37A5AE4A326985180346 /* libPods-Teraffic Traffic.a in Frameworks */,
			);
			runOnlyForDeploymentPostprocessing = 0;
		};
		F05A64E92577C7BA00BDDCE0 /* Frameworks */ = {
			isa = PBXFrameworksBuildPhase;
			buildActionMask = 2147483647;
			files = (
			);
			runOnlyForDeploymentPostprocessing = 0;
		};
		F05A64F42577C7BA00BDDCE0 /* Frameworks */ = {
			isa = PBXFrameworksBuildPhase;
			buildActionMask = 2147483647;
			files = (
			);
			runOnlyForDeploymentPostprocessing = 0;
		};
/* End PBXFrameworksBuildPhase section */

/* Begin PBXGroup section */
		258CC8828787C5D617B7086E /* Pods */ = {
			isa = PBXGroup;
			children = (
				547C514D94FD4364445B9284 /* Pods-Teraffic Traffic.debug.xcconfig */,
				3F4691BB8235F962E3F363A1 /* Pods-Teraffic Traffic.release.xcconfig */,
			);
			path = Pods;
			sourceTree = "<group>";
		};
		BC5D9E9C9519CC09968CFD86 /* Frameworks */ = {
			isa = PBXGroup;
			children = (
				AD9C14CB5EA0E29863AB572B /* libPods-Teraffic Traffic.a */,
			);
			name = Frameworks;
			sourceTree = "<group>";
		};
		F05A64D22577C7B900BDDCE0 = {
			isa = PBXGroup;
			children = (
				F05A652C2587A26800BDDCE0 /* Utilities */,
				F05A651D25792B3700BDDCE0 /* ViewModels */,
				F05A650C2577E95300BDDCE0 /* Shared */,
				F05A64DD2577C7B900BDDCE0 /* Teraffic Traffic */,
				F05A64EF2577C7BA00BDDCE0 /* Teraffic TrafficTests */,
				F05A64FA2577C7BA00BDDCE0 /* Teraffic TrafficUITests */,
				F05A64DC2577C7B900BDDCE0 /* Products */,
				258CC8828787C5D617B7086E /* Pods */,
				BC5D9E9C9519CC09968CFD86 /* Frameworks */,
			);
			sourceTree = "<group>";
		};
		F05A64DC2577C7B900BDDCE0 /* Products */ = {
			isa = PBXGroup;
			children = (
				F05A64DB2577C7B900BDDCE0 /* Teraffic Traffic.app */,
				F05A64EC2577C7BA00BDDCE0 /* Teraffic TrafficTests.xctest */,
				F05A64F72577C7BA00BDDCE0 /* Teraffic TrafficUITests.xctest */,
			);
			name = Products;
			sourceTree = "<group>";
		};
		F05A64DD2577C7B900BDDCE0 /* Teraffic Traffic */ = {
			isa = PBXGroup;
			children = (
				F05A64DE2577C7B900BDDCE0 /* Teraffic_TrafficApp.swift */,
				F05A64E02577C7B900BDDCE0 /* ContentView.swift */,
				F05A64E22577C7B900BDDCE0 /* Assets.xcassets */,
				F05A64E72577C7B900BDDCE0 /* Info.plist */,
				F05A64E42577C7B900BDDCE0 /* Preview Content */,
				F05A6526257D224A00BDDCE0 /* TrafficSummaryView.swift */,
				F05A654F258CA68500BDDCE0 /* FavouriteListView.swift */,
				F05A655C2592289A00BDDCE0 /* TrafficCameraRowView.swift */,
				F05A65612593166000BDDCE0 /* TrafficCameraDetailView.swift */,
				F06222A625A77AB2004974E9 /* TrafficMapView.swift */,
				F0B5444025B8663800F677E8 /* AppDelegate.swift */,
				F05A679425C9AB9700FC6CDA /* TrafficGoogleMapView.swift */,
				F05A679926087D9200FC6CDA /* ScrollUIViewRepresentable.swift */,
				F05A679E2608E80600FC6CDA /* SearchBar.swift */,
			);
			path = "Teraffic Traffic";
			sourceTree = "<group>";
		};
		F05A64E42577C7B900BDDCE0 /* Preview Content */ = {
			isa = PBXGroup;
			children = (
				F05A64E52577C7B900BDDCE0 /* Preview Assets.xcassets */,
			);
			path = "Preview Content";
			sourceTree = "<group>";
		};
		F05A64EF2577C7BA00BDDCE0 /* Teraffic TrafficTests */ = {
			isa = PBXGroup;
			children = (
				F05A64F02577C7BA00BDDCE0 /* Teraffic_TrafficTests.swift */,
				F05A64F22577C7BA00BDDCE0 /* Info.plist */,
			);
			path = "Teraffic TrafficTests";
			sourceTree = "<group>";
		};
		F05A64FA2577C7BA00BDDCE0 /* Teraffic TrafficUITests */ = {
			isa = PBXGroup;
			children = (
				F05A64FB2577C7BA00BDDCE0 /* Teraffic_TrafficUITests.swift */,
				F05A64FD2577C7BA00BDDCE0 /* Info.plist */,
			);
			path = "Teraffic TrafficUITests";
			sourceTree = "<group>";
		};
		F05A650C2577E95300BDDCE0 /* Shared */ = {
			isa = PBXGroup;
			children = (
				F05A650D2577E99700BDDCE0 /* DataMallAPI.swift */,
				F05A65152577E9C600BDDCE0 /* Model.swift */,
				F05A654A2587C1DE00BDDCE0 /* Utils.swift */,
			);
			path = Shared;
			sourceTree = "<group>";
		};
		F05A651D25792B3700BDDCE0 /* ViewModels */ = {
			isa = PBXGroup;
			children = (
				F05A651E25792B6C00BDDCE0 /* TrafficCamerasObservableObject.swift */,
				F05A65452587BE6700BDDCE0 /* FavouriteListObservableObject.swift */,
				F05A6566259317D800BDDCE0 /* TrafficCameraDetailObservableObject.swift */,
			);
			path = ViewModels;
			sourceTree = "<group>";
		};
		F05A652C2587A26800BDDCE0 /* Utilities */ = {
			isa = PBXGroup;
			children = (
				F05A677F25C3103A00FC6CDA /* Google */,
				F05A677625C30AAD00FC6CDA /* Location */,
				F05A656B25998BC900BDDCE0 /* Map */,
				F05A652D2587A2DB00BDDCE0 /* AsyncImage */,
			);
			path = Utilities;
			sourceTree = "<group>";
		};
		F05A652D2587A2DB00BDDCE0 /* AsyncImage */ = {
			isa = PBXGroup;
			children = (
				F05A652E2587A31200BDDCE0 /* ImageCache.swift */,
				F05A65362587A33E00BDDCE0 /* EnvironmentValues+ImageCache.swift */,
				F05A653B2587A36800BDDCE0 /* ImageLoader.swift */,
				F05A65402587A39600BDDCE0 /* AsyncImage.swift */,
			);
			path = AsyncImage;
			sourceTree = "<group>";
		};
		F05A656B25998BC900BDDCE0 /* Map */ = {
			isa = PBXGroup;
			children = (
				F05A656C25998BF700BDDCE0 /* MapView.swift */,
				F06222A125A5FF58004974E9 /* MapUIViewRepresentable.swift */,
				F0B5443B25B835C900F677E8 /* GoogleMapUIViewRepresentable.swift */,
			);
			path = Map;
			sourceTree = "<group>";
		};
		F05A677625C30AAD00FC6CDA /* Location */ = {
			isa = PBXGroup;
			children = (
				F05A677725C30AD500FC6CDA /* LocationManager.swift */,
			);
			path = Location;
			sourceTree = "<group>";
		};
		F05A677F25C3103A00FC6CDA /* Google */ = {
			isa = PBXGroup;
			children = (
				F05A678025C3106200FC6CDA /* PlaceManager.swift */,
				F05A678825C7055300FC6CDA /* PlacesList.swift */,
				F05A678D25C707AD00FC6CDA /* PlacesRow.swift */,
			);
			path = Google;
			sourceTree = "<group>";
		};
/* End PBXGroup section */

/* Begin PBXNativeTarget section */
		F05A64DA2577C7B900BDDCE0 /* Teraffic Traffic */ = {
			isa = PBXNativeTarget;
			buildConfigurationList = F05A65002577C7BA00BDDCE0 /* Build configuration list for PBXNativeTarget "Teraffic Traffic" */;
			buildPhases = (
				DDEA9231904B2CADD8086AE7 /* [CP] Check Pods Manifest.lock */,
				F05A64D72577C7B900BDDCE0 /* Sources */,
				F05A64D82577C7B900BDDCE0 /* Frameworks */,
				F05A64D92577C7B900BDDCE0 /* Resources */,
				579EF7048F4749321C4002A9 /* [CP] Copy Pods Resources */,
			);
			buildRules = (
			);
			dependencies = (
			);
			name = "Teraffic Traffic";
			productName = "Teraffic Traffic";
			productReference = F05A64DB2577C7B900BDDCE0 /* Teraffic Traffic.app */;
			productType = "com.apple.product-type.application";
		};
		F05A64EB2577C7BA00BDDCE0 /* Teraffic TrafficTests */ = {
			isa = PBXNativeTarget;
			buildConfigurationList = F05A65032577C7BA00BDDCE0 /* Build configuration list for PBXNativeTarget "Teraffic TrafficTests" */;
			buildPhases = (
				F05A64E82577C7BA00BDDCE0 /* Sources */,
				F05A64E92577C7BA00BDDCE0 /* Frameworks */,
				F05A64EA2577C7BA00BDDCE0 /* Resources */,
			);
			buildRules = (
			);
			dependencies = (
				F05A64EE2577C7BA00BDDCE0 /* PBXTargetDependency */,
			);
			name = "Teraffic TrafficTests";
			productName = "Teraffic TrafficTests";
			productReference = F05A64EC2577C7BA00BDDCE0 /* Teraffic TrafficTests.xctest */;
			productType = "com.apple.product-type.bundle.unit-test";
		};
		F05A64F62577C7BA00BDDCE0 /* Teraffic TrafficUITests */ = {
			isa = PBXNativeTarget;
			buildConfigurationList = F05A65062577C7BA00BDDCE0 /* Build configuration list for PBXNativeTarget "Teraffic TrafficUITests" */;
			buildPhases = (
				F05A64F32577C7BA00BDDCE0 /* Sources */,
				F05A64F42577C7BA00BDDCE0 /* Frameworks */,
				F05A64F52577C7BA00BDDCE0 /* Resources */,
			);
			buildRules = (
			);
			dependencies = (
				F05A64F92577C7BA00BDDCE0 /* PBXTargetDependency */,
			);
			name = "Teraffic TrafficUITests";
			productName = "Teraffic TrafficUITests";
			productReference = F05A64F72577C7BA00BDDCE0 /* Teraffic TrafficUITests.xctest */;
			productType = "com.apple.product-type.bundle.ui-testing";
		};
/* End PBXNativeTarget section */

/* Begin PBXProject section */
		F05A64D32577C7B900BDDCE0 /* Project object */ = {
			isa = PBXProject;
			attributes = {
				LastSwiftUpdateCheck = 1200;
				LastUpgradeCheck = 1200;
				TargetAttributes = {
					F05A64DA2577C7B900BDDCE0 = {
						CreatedOnToolsVersion = 12.0.1;
					};
					F05A64EB2577C7BA00BDDCE0 = {
						CreatedOnToolsVersion = 12.0.1;
						TestTargetID = F05A64DA2577C7B900BDDCE0;
					};
					F05A64F62577C7BA00BDDCE0 = {
						CreatedOnToolsVersion = 12.0.1;
						TestTargetID = F05A64DA2577C7B900BDDCE0;
					};
				};
			};
			buildConfigurationList = F05A64D62577C7B900BDDCE0 /* Build configuration list for PBXProject "Teraffic Traffic" */;
			compatibilityVersion = "Xcode 9.3";
			developmentRegion = en;
			hasScannedForEncodings = 0;
			knownRegions = (
				en,
				Base,
			);
			mainGroup = F05A64D22577C7B900BDDCE0;
			productRefGroup = F05A64DC2577C7B900BDDCE0 /* Products */;
			projectDirPath = "";
			projectRoot = "";
			targets = (
				F05A64DA2577C7B900BDDCE0 /* Teraffic Traffic */,
				F05A64EB2577C7BA00BDDCE0 /* Teraffic TrafficTests */,
				F05A64F62577C7BA00BDDCE0 /* Teraffic TrafficUITests */,
			);
		};
/* End PBXProject section */

/* Begin PBXResourcesBuildPhase section */
		F05A64D92577C7B900BDDCE0 /* Resources */ = {
			isa = PBXResourcesBuildPhase;
			buildActionMask = 2147483647;
			files = (
				F05A64E62577C7B900BDDCE0 /* Preview Assets.xcassets in Resources */,
				F05A64E32577C7B900BDDCE0 /* Assets.xcassets in Resources */,
			);
			runOnlyForDeploymentPostprocessing = 0;
		};
		F05A64EA2577C7BA00BDDCE0 /* Resources */ = {
			isa = PBXResourcesBuildPhase;
			buildActionMask = 2147483647;
			files = (
			);
			runOnlyForDeploymentPostprocessing = 0;
		};
		F05A64F52577C7BA00BDDCE0 /* Resources */ = {
			isa = PBXResourcesBuildPhase;
			buildActionMask = 2147483647;
			files = (
			);
			runOnlyForDeploymentPostprocessing = 0;
		};
/* End PBXResourcesBuildPhase section */

/* Begin PBXShellScriptBuildPhase section */
		579EF7048F4749321C4002A9 /* [CP] Copy Pods Resources */ = {
			isa = PBXShellScriptBuildPhase;
			buildActionMask = 2147483647;
			files = (
			);
			inputFileListPaths = (
				"${PODS_ROOT}/Target Support Files/Pods-Teraffic Traffic/Pods-Teraffic Traffic-resources-${CONFIGURATION}-input-files.xcfilelist",
			);
			name = "[CP] Copy Pods Resources";
			outputFileListPaths = (
				"${PODS_ROOT}/Target Support Files/Pods-Teraffic Traffic/Pods-Teraffic Traffic-resources-${CONFIGURATION}-output-files.xcfilelist",
			);
			runOnlyForDeploymentPostprocessing = 0;
			shellPath = /bin/sh;
			shellScript = "\"${PODS_ROOT}/Target Support Files/Pods-Teraffic Traffic/Pods-Teraffic Traffic-resources.sh\"\n";
			showEnvVarsInLog = 0;
		};
		DDEA9231904B2CADD8086AE7 /* [CP] Check Pods Manifest.lock */ = {
			isa = PBXShellScriptBuildPhase;
			buildActionMask = 2147483647;
			files = (
			);
			inputFileListPaths = (
			);
			inputPaths = (
				"${PODS_PODFILE_DIR_PATH}/Podfile.lock",
				"${PODS_ROOT}/Manifest.lock",
			);
			name = "[CP] Check Pods Manifest.lock";
			outputFileListPaths = (
			);
			outputPaths = (
				"$(DERIVED_FILE_DIR)/Pods-Teraffic Traffic-checkManifestLockResult.txt",
			);
			runOnlyForDeploymentPostprocessing = 0;
			shellPath = /bin/sh;
			shellScript = "diff \"${PODS_PODFILE_DIR_PATH}/Podfile.lock\" \"${PODS_ROOT}/Manifest.lock\" > /dev/null\nif [ $? != 0 ] ; then\n    # print error to STDERR\n    echo \"error: The sandbox is not in sync with the Podfile.lock. Run 'pod install' or update your CocoaPods installation.\" >&2\n    exit 1\nfi\n# This output is used by Xcode 'outputs' to avoid re-running this script phase.\necho \"SUCCESS\" > \"${SCRIPT_OUTPUT_FILE_0}\"\n";
			showEnvVarsInLog = 0;
		};
/* End PBXShellScriptBuildPhase section */

/* Begin PBXSourcesBuildPhase section */
		F05A64D72577C7B900BDDCE0 /* Sources */ = {
			isa = PBXSourcesBuildPhase;
			buildActionMask = 2147483647;
			files = (
				F05A678E25C707AD00FC6CDA /* PlacesRow.swift in Sources */,
				F06222A225A5FF58004974E9 /* MapUIViewRepresentable.swift in Sources */,
				F05A65412587A39600BDDCE0 /* AsyncImage.swift in Sources */,
				F05A64E12577C7B900BDDCE0 /* ContentView.swift in Sources */,
				F05A6527257D224A00BDDCE0 /* TrafficSummaryView.swift in Sources */,
				F05A64DF2577C7B900BDDCE0 /* Teraffic_TrafficApp.swift in Sources */,
				F0B5443C25B835C900F677E8 /* GoogleMapUIViewRepresentable.swift in Sources */,
				F05A650E2577E99700BDDCE0 /* DataMallAPI.swift in Sources */,
				F05A678925C7055300FC6CDA /* PlacesList.swift in Sources */,
				F05A65372587A33E00BDDCE0 /* EnvironmentValues+ImageCache.swift in Sources */,
				F06222A725A77AB2004974E9 /* TrafficMapView.swift in Sources */,
				F05A653C2587A36800BDDCE0 /* ImageLoader.swift in Sources */,
				F05A679A26087D9300FC6CDA /* ScrollUIViewRepresentable.swift in Sources */,
				F05A6550258CA68500BDDCE0 /* FavouriteListView.swift in Sources */,
				F05A678125C3106200FC6CDA /* PlaceManager.swift in Sources */,
				F05A679525C9AB9700FC6CDA /* TrafficGoogleMapView.swift in Sources */,
				F05A65162577E9C600BDDCE0 /* Model.swift in Sources */,
				F05A656D25998BF700BDDCE0 /* MapView.swift in Sources */,
				F05A652F2587A31200BDDCE0 /* ImageCache.swift in Sources */,
				F05A677825C30AD500FC6CDA /* LocationManager.swift in Sources */,
				F05A655D2592289A00BDDCE0 /* TrafficCameraRowView.swift in Sources */,
				F05A679F2608E80600FC6CDA /* SearchBar.swift in Sources */,
				F05A6567259317D800BDDCE0 /* TrafficCameraDetailObservableObject.swift in Sources */,
				F05A65462587BE6700BDDCE0 /* FavouriteListObservableObject.swift in Sources */,
				F05A65622593166000BDDCE0 /* TrafficCameraDetailView.swift in Sources */,
				F0B5444125B8663800F677E8 /* AppDelegate.swift in Sources */,
				F05A651F25792B6C00BDDCE0 /* TrafficCamerasObservableObject.swift in Sources */,
				F05A654B2587C1DE00BDDCE0 /* Utils.swift in Sources */,
			);
			runOnlyForDeploymentPostprocessing = 0;
		};
		F05A64E82577C7BA00BDDCE0 /* Sources */ = {
			isa = PBXSourcesBuildPhase;
			buildActionMask = 2147483647;
			files = (
				F05A64F12577C7BA00BDDCE0 /* Teraffic_TrafficTests.swift in Sources */,
			);
			runOnlyForDeploymentPostprocessing = 0;
		};
		F05A64F32577C7BA00BDDCE0 /* Sources */ = {
			isa = PBXSourcesBuildPhase;
			buildActionMask = 2147483647;
			files = (
				F05A64FC2577C7BA00BDDCE0 /* Teraffic_TrafficUITests.swift in Sources */,
			);
			runOnlyForDeploymentPostprocessing = 0;
		};
/* End PBXSourcesBuildPhase section */

/* Begin PBXTargetDependency section */
		F05A64EE2577C7BA00BDDCE0 /* PBXTargetDependency */ = {
			isa = PBXTargetDependency;
			target = F05A64DA2577C7B900BDDCE0 /* Teraffic Traffic */;
			targetProxy = F05A64ED2577C7BA00BDDCE0 /* PBXContainerItemProxy */;
		};
		F05A64F92577C7BA00BDDCE0 /* PBXTargetDependency */ = {
			isa = PBXTargetDependency;
			target = F05A64DA2577C7B900BDDCE0 /* Teraffic Traffic */;
			targetProxy = F05A64F82577C7BA00BDDCE0 /* PBXContainerItemProxy */;
		};
/* End PBXTargetDependency section */

/* Begin XCBuildConfiguration section */
		F05A64FE2577C7BA00BDDCE0 /* Debug */ = {
			isa = XCBuildConfiguration;
			buildSettings = {
				ALWAYS_SEARCH_USER_PATHS = NO;
				CLANG_ANALYZER_NONNULL = YES;
				CLANG_ANALYZER_NUMBER_OBJECT_CONVERSION = YES_AGGRESSIVE;
				CLANG_CXX_LANGUAGE_STANDARD = "gnu++14";
				CLANG_CXX_LIBRARY = "libc++";
				CLANG_ENABLE_MODULES = YES;
				CLANG_ENABLE_OBJC_ARC = YES;
				CLANG_ENABLE_OBJC_WEAK = YES;
				CLANG_WARN_BLOCK_CAPTURE_AUTORELEASING = YES;
				CLANG_WARN_BOOL_CONVERSION = YES;
				CLANG_WARN_COMMA = YES;
				CLANG_WARN_CONSTANT_CONVERSION = YES;
				CLANG_WARN_DEPRECATED_OBJC_IMPLEMENTATIONS = YES;
				CLANG_WARN_DIRECT_OBJC_ISA_USAGE = YES_ERROR;
				CLANG_WARN_DOCUMENTATION_COMMENTS = YES;
				CLANG_WARN_EMPTY_BODY = YES;
				CLANG_WARN_ENUM_CONVERSION = YES;
				CLANG_WARN_INFINITE_RECURSION = YES;
				CLANG_WARN_INT_CONVERSION = YES;
				CLANG_WARN_NON_LITERAL_NULL_CONVERSION = YES;
				CLANG_WARN_OBJC_IMPLICIT_RETAIN_SELF = YES;
				CLANG_WARN_OBJC_LITERAL_CONVERSION = YES;
				CLANG_WARN_OBJC_ROOT_CLASS = YES_ERROR;
				CLANG_WARN_QUOTED_INCLUDE_IN_FRAMEWORK_HEADER = YES;
				CLANG_WARN_RANGE_LOOP_ANALYSIS = YES;
				CLANG_WARN_STRICT_PROTOTYPES = YES;
				CLANG_WARN_SUSPICIOUS_MOVE = YES;
				CLANG_WARN_UNGUARDED_AVAILABILITY = YES_AGGRESSIVE;
				CLANG_WARN_UNREACHABLE_CODE = YES;
				CLANG_WARN__DUPLICATE_METHOD_MATCH = YES;
				COPY_PHASE_STRIP = NO;
				DEBUG_INFORMATION_FORMAT = dwarf;
				ENABLE_STRICT_OBJC_MSGSEND = YES;
				ENABLE_TESTABILITY = YES;
				GCC_C_LANGUAGE_STANDARD = gnu11;
				GCC_DYNAMIC_NO_PIC = NO;
				GCC_NO_COMMON_BLOCKS = YES;
				GCC_OPTIMIZATION_LEVEL = 0;
				GCC_PREPROCESSOR_DEFINITIONS = (
					"DEBUG=1",
					"$(inherited)",
				);
				GCC_WARN_64_TO_32_BIT_CONVERSION = YES;
				GCC_WARN_ABOUT_RETURN_TYPE = YES_ERROR;
				GCC_WARN_UNDECLARED_SELECTOR = YES;
				GCC_WARN_UNINITIALIZED_AUTOS = YES_AGGRESSIVE;
				GCC_WARN_UNUSED_FUNCTION = YES;
				GCC_WARN_UNUSED_VARIABLE = YES;
				IPHONEOS_DEPLOYMENT_TARGET = 14.0;
				MTL_ENABLE_DEBUG_INFO = INCLUDE_SOURCE;
				MTL_FAST_MATH = YES;
				ONLY_ACTIVE_ARCH = YES;
				SDKROOT = iphoneos;
				SWIFT_ACTIVE_COMPILATION_CONDITIONS = DEBUG;
				SWIFT_OPTIMIZATION_LEVEL = "-Onone";
			};
			name = Debug;
		};
		F05A64FF2577C7BA00BDDCE0 /* Release */ = {
			isa = XCBuildConfiguration;
			buildSettings = {
				ALWAYS_SEARCH_USER_PATHS = NO;
				CLANG_ANALYZER_NONNULL = YES;
				CLANG_ANALYZER_NUMBER_OBJECT_CONVERSION = YES_AGGRESSIVE;
				CLANG_CXX_LANGUAGE_STANDARD = "gnu++14";
				CLANG_CXX_LIBRARY = "libc++";
				CLANG_ENABLE_MODULES = YES;
				CLANG_ENABLE_OBJC_ARC = YES;
				CLANG_ENABLE_OBJC_WEAK = YES;
				CLANG_WARN_BLOCK_CAPTURE_AUTORELEASING = YES;
				CLANG_WARN_BOOL_CONVERSION = YES;
				CLANG_WARN_COMMA = YES;
				CLANG_WARN_CONSTANT_CONVERSION = YES;
				CLANG_WARN_DEPRECATED_OBJC_IMPLEMENTATIONS = YES;
				CLANG_WARN_DIRECT_OBJC_ISA_USAGE = YES_ERROR;
				CLANG_WARN_DOCUMENTATION_COMMENTS = YES;
				CLANG_WARN_EMPTY_BODY = YES;
				CLANG_WARN_ENUM_CONVERSION = YES;
				CLANG_WARN_INFINITE_RECURSION = YES;
				CLANG_WARN_INT_CONVERSION = YES;
				CLANG_WARN_NON_LITERAL_NULL_CONVERSION = YES;
				CLANG_WARN_OBJC_IMPLICIT_RETAIN_SELF = YES;
				CLANG_WARN_OBJC_LITERAL_CONVERSION = YES;
				CLANG_WARN_OBJC_ROOT_CLASS = YES_ERROR;
				CLANG_WARN_QUOTED_INCLUDE_IN_FRAMEWORK_HEADER = YES;
				CLANG_WARN_RANGE_LOOP_ANALYSIS = YES;
				CLANG_WARN_STRICT_PROTOTYPES = YES;
				CLANG_WARN_SUSPICIOUS_MOVE = YES;
				CLANG_WARN_UNGUARDED_AVAILABILITY = YES_AGGRESSIVE;
				CLANG_WARN_UNREACHABLE_CODE = YES;
				CLANG_WARN__DUPLICATE_METHOD_MATCH = YES;
				COPY_PHASE_STRIP = NO;
				DEBUG_INFORMATION_FORMAT = "dwarf-with-dsym";
				ENABLE_NS_ASSERTIONS = NO;
				ENABLE_STRICT_OBJC_MSGSEND = YES;
				GCC_C_LANGUAGE_STANDARD = gnu11;
				GCC_NO_COMMON_BLOCKS = YES;
				GCC_WARN_64_TO_32_BIT_CONVERSION = YES;
				GCC_WARN_ABOUT_RETURN_TYPE = YES_ERROR;
				GCC_WARN_UNDECLARED_SELECTOR = YES;
				GCC_WARN_UNINITIALIZED_AUTOS = YES_AGGRESSIVE;
				GCC_WARN_UNUSED_FUNCTION = YES;
				GCC_WARN_UNUSED_VARIABLE = YES;
				IPHONEOS_DEPLOYMENT_TARGET = 14.0;
				MTL_ENABLE_DEBUG_INFO = NO;
				MTL_FAST_MATH = YES;
				SDKROOT = iphoneos;
				SWIFT_COMPILATION_MODE = wholemodule;
				SWIFT_OPTIMIZATION_LEVEL = "-O";
				VALIDATE_PRODUCT = YES;
			};
			name = Release;
		};
		F05A65012577C7BA00BDDCE0 /* Debug */ = {
			isa = XCBuildConfiguration;
			baseConfigurationReference = 547C514D94FD4364445B9284 /* Pods-Teraffic Traffic.debug.xcconfig */;
			buildSettings = {
				ASSETCATALOG_COMPILER_APPICON_NAME = AppIcon;
				ASSETCATALOG_COMPILER_GLOBAL_ACCENT_COLOR_NAME = AccentColor;
				CODE_SIGN_STYLE = Automatic;
				DEVELOPMENT_ASSET_PATHS = "\"Teraffic Traffic/Preview Content\"";
				DEVELOPMENT_TEAM = B3H3XB3M3N;
				ENABLE_PREVIEWS = YES;
				INFOPLIST_FILE = "Teraffic Traffic/Info.plist";
				IPHONEOS_DEPLOYMENT_TARGET = 14.0;
				LD_RUNPATH_SEARCH_PATHS = (
					"$(inherited)",
					"@executable_path/Frameworks",
				);
				PRODUCT_BUNDLE_IDENTIFIER = "lauden.Teraffic-Traffic";
				PRODUCT_NAME = "$(TARGET_NAME)";
				SWIFT_VERSION = 5.0;
				TARGETED_DEVICE_FAMILY = "1,2";
			};
			name = Debug;
		};
		F05A65022577C7BA00BDDCE0 /* Release */ = {
			isa = XCBuildConfiguration;
			baseConfigurationReference = 3F4691BB8235F962E3F363A1 /* Pods-Teraffic Traffic.release.xcconfig */;
			buildSettings = {
				ASSETCATALOG_COMPILER_APPICON_NAME = AppIcon;
				ASSETCATALOG_COMPILER_GLOBAL_ACCENT_COLOR_NAME = AccentColor;
				CODE_SIGN_STYLE = Automatic;
				DEVELOPMENT_ASSET_PATHS = "\"Teraffic Traffic/Preview Content\"";
				DEVELOPMENT_TEAM = B3H3XB3M3N;
				ENABLE_PREVIEWS = YES;
				INFOPLIST_FILE = "Teraffic Traffic/Info.plist";
				IPHONEOS_DEPLOYMENT_TARGET = 14.0;
				LD_RUNPATH_SEARCH_PATHS = (
					"$(inherited)",
					"@executable_path/Frameworks",
				);
				PRODUCT_BUNDLE_IDENTIFIER = "lauden.Teraffic-Traffic";
				PRODUCT_NAME = "$(TARGET_NAME)";
				SWIFT_VERSION = 5.0;
				TARGETED_DEVICE_FAMILY = "1,2";
			};
			name = Release;
		};
		F05A65042577C7BA00BDDCE0 /* Debug */ = {
			isa = XCBuildConfiguration;
			buildSettings = {
				ALWAYS_EMBED_SWIFT_STANDARD_LIBRARIES = YES;
				BUNDLE_LOADER = "$(TEST_HOST)";
				CODE_SIGN_STYLE = Automatic;
				DEVELOPMENT_TEAM = B3H3XB3M3N;
				INFOPLIST_FILE = "Teraffic TrafficTests/Info.plist";
				IPHONEOS_DEPLOYMENT_TARGET = 14.0;
				LD_RUNPATH_SEARCH_PATHS = (
					"$(inherited)",
					"@executable_path/Frameworks",
					"@loader_path/Frameworks",
				);
				PRODUCT_BUNDLE_IDENTIFIER = "lauden.Teraffic-TrafficTests";
				PRODUCT_NAME = "$(TARGET_NAME)";
				SWIFT_VERSION = 5.0;
				TARGETED_DEVICE_FAMILY = "1,2";
				TEST_HOST = "$(BUILT_PRODUCTS_DIR)/Teraffic Traffic.app/Teraffic Traffic";
			};
			name = Debug;
		};
		F05A65052577C7BA00BDDCE0 /* Release */ = {
			isa = XCBuildConfiguration;
			buildSettings = {
				ALWAYS_EMBED_SWIFT_STANDARD_LIBRARIES = YES;
				BUNDLE_LOADER = "$(TEST_HOST)";
				CODE_SIGN_STYLE = Automatic;
				DEVELOPMENT_TEAM = B3H3XB3M3N;
				INFOPLIST_FILE = "Teraffic TrafficTests/Info.plist";
				IPHONEOS_DEPLOYMENT_TARGET = 14.0;
				LD_RUNPATH_SEARCH_PATHS = (
					"$(inherited)",
					"@executable_path/Frameworks",
					"@loader_path/Frameworks",
				);
				PRODUCT_BUNDLE_IDENTIFIER = "lauden.Teraffic-TrafficTests";
				PRODUCT_NAME = "$(TARGET_NAME)";
				SWIFT_VERSION = 5.0;
				TARGETED_DEVICE_FAMILY = "1,2";
				TEST_HOST = "$(BUILT_PRODUCTS_DIR)/Teraffic Traffic.app/Teraffic Traffic";
			};
			name = Release;
		};
		F05A65072577C7BA00BDDCE0 /* Debug */ = {
			isa = XCBuildConfiguration;
			buildSettings = {
				ALWAYS_EMBED_SWIFT_STANDARD_LIBRARIES = YES;
				CODE_SIGN_STYLE = Automatic;
				DEVELOPMENT_TEAM = B3H3XB3M3N;
				INFOPLIST_FILE = "Teraffic TrafficUITests/Info.plist";
				LD_RUNPATH_SEARCH_PATHS = (
					"$(inherited)",
					"@executable_path/Frameworks",
					"@loader_path/Frameworks",
				);
				PRODUCT_BUNDLE_IDENTIFIER = "lauden.Teraffic-TrafficUITests";
				PRODUCT_NAME = "$(TARGET_NAME)";
				SWIFT_VERSION = 5.0;
				TARGETED_DEVICE_FAMILY = "1,2";
				TEST_TARGET_NAME = "Teraffic Traffic";
			};
			name = Debug;
		};
		F05A65082577C7BA00BDDCE0 /* Release */ = {
			isa = XCBuildConfiguration;
			buildSettings = {
				ALWAYS_EMBED_SWIFT_STANDARD_LIBRARIES = YES;
				CODE_SIGN_STYLE = Automatic;
				DEVELOPMENT_TEAM = B3H3XB3M3N;
				INFOPLIST_FILE = "Teraffic TrafficUITests/Info.plist";
				LD_RUNPATH_SEARCH_PATHS = (
					"$(inherited)",
					"@executable_path/Frameworks",
					"@loader_path/Frameworks",
				);
				PRODUCT_BUNDLE_IDENTIFIER = "lauden.Teraffic-TrafficUITests";
				PRODUCT_NAME = "$(TARGET_NAME)";
				SWIFT_VERSION = 5.0;
				TARGETED_DEVICE_FAMILY = "1,2";
				TEST_TARGET_NAME = "Teraffic Traffic";
			};
			name = Release;
		};
/* End XCBuildConfiguration section */

/* Begin XCConfigurationList section */
		F05A64D62577C7B900BDDCE0 /* Build configuration list for PBXProject "Teraffic Traffic" */ = {
			isa = XCConfigurationList;
			buildConfigurations = (
				F05A64FE2577C7BA00BDDCE0 /* Debug */,
				F05A64FF2577C7BA00BDDCE0 /* Release */,
			);
			defaultConfigurationIsVisible = 0;
			defaultConfigurationName = Release;
		};
		F05A65002577C7BA00BDDCE0 /* Build configuration list for PBXNativeTarget "Teraffic Traffic" */ = {
			isa = XCConfigurationList;
			buildConfigurations = (
				F05A65012577C7BA00BDDCE0 /* Debug */,
				F05A65022577C7BA00BDDCE0 /* Release */,
			);
			defaultConfigurationIsVisible = 0;
			defaultConfigurationName = Release;
		};
		F05A65032577C7BA00BDDCE0 /* Build configuration list for PBXNativeTarget "Teraffic TrafficTests" */ = {
			isa = XCConfigurationList;
			buildConfigurations = (
				F05A65042577C7BA00BDDCE0 /* Debug */,
				F05A65052577C7BA00BDDCE0 /* Release */,
			);
			defaultConfigurationIsVisible = 0;
			defaultConfigurationName = Release;
		};
		F05A65062577C7BA00BDDCE0 /* Build configuration list for PBXNativeTarget "Teraffic TrafficUITests" */ = {
			isa = XCConfigurationList;
			buildConfigurations = (
				F05A65072577C7BA00BDDCE0 /* Debug */,
				F05A65082577C7BA00BDDCE0 /* Release */,
			);
			defaultConfigurationIsVisible = 0;
			defaultConfigurationName = Release;
		};
/* End XCConfigurationList section */
	};
	rootObject = F05A64D32577C7B900BDDCE0 /* Project object */;
}
